<?xml version="1.0" encoding="utf-8"?>
<Project ToolsVersion="4.0" xmlns="http://schemas.microsoft.com/developer/msbuild/2003">
  <ItemGroup>
    <Filter Include="Assets">
      <UniqueIdentifier>fd0b8570-fdb5-4354-a1c8-488878cf5e87</UniqueIdentifier>
      <Extensions>ico;cur;bmp;dds;dlg;fbx;rct;bin;rgs;gif;jpg;jpeg;jpe;resx;tga;tiff;tif;png;wav;mfcribbon-ms</Extensions>
    </Filter>
    <Filter Include="Simulation">
      <UniqueIdentifier>{23f67a2c-eb78-4abf-bbb7-adf2bdfdfeab}</UniqueIdentifier>
    </Filter>
    <Filter Include="Windows">
      <UniqueIdentifier>{d52e4d96-ab66-4255-a5e3-1668c587c256}</UniqueIdentifier>
    </Filter>
    <Filter Include="Simulation\BasicShapes">
      <UniqueIdentifier>{60606d53-2553-474d-b82b-ac5ef3b50537}</UniqueIdentifier>
    </Filter>
    <Filter Include="Simulation\Simulation">
      <UniqueIdentifier>{51129268-5092-4f53-b1f1-31355f68f029}</UniqueIdentifier>
    </Filter>
    <Filter Include="Simulation\Utils">
      <UniqueIdentifier>{0fcfbc08-1a3a-4e6c-84f9-d66ed4620940}</UniqueIdentifier>
    </Filter>
  </ItemGroup>
  <ItemGroup>
    <ClInclude Include="pch.h" />
    <ClInclude Include="StepTimer.h" />
    <ClInclude Include="Window.h">
      <Filter>Windows</Filter>
    </ClInclude>
    <ClInclude Include="Object.h">
      <Filter>Simulation</Filter>
    </ClInclude>
    <ClInclude Include="RenderTables.h">
      <Filter>Simulation</Filter>
    </ClInclude>
    <ClInclude Include="Cubic.h">
      <Filter>Simulation\BasicShapes</Filter>
    </ClInclude>
    <ClInclude Include="Simulation.h">
      <Filter>Simulation\Simulation</Filter>
    </ClInclude>
    <ClInclude Include="Debug.h">
      <Filter>Simulation\Utils</Filter>
    </ClInclude>
    <ClInclude Include="Math.h">
      <Filter>Simulation\Utils</Filter>
    </ClInclude>
  </ItemGroup>
  <ItemGroup>
    <ClCompile Include="pch.cpp" />
    <ClCompile Include="Main.cpp" />
    <ClCompile Include="Window.cpp">
      <Filter>Windows</Filter>
    </ClCompile>
    <ClCompile Include="RenderTables.cpp">
      <Filter>Simulation</Filter>
    </ClCompile>
    <ClCompile Include="onMouseMove.cpp">
      <Filter>Simulation\Simulation</Filter>
    </ClCompile>
    <ClCompile Include="onKeyboardKeyPress.cpp">
      <Filter>Simulation\Simulation</Filter>
    </ClCompile>
    <ClCompile Include="Simulation.cpp">
      <Filter>Simulation\Simulation</Filter>
    </ClCompile>
    <ClCompile Include="resetViewMatrix.cpp">
      <Filter>Simulation\Simulation</Filter>
    </ClCompile>
  </ItemGroup>
  <ItemGroup>
    <ResourceCompile Include="resource.rc" />
  </ItemGroup>
  <ItemGroup>
    <Image Include="directx.ico">
      <Filter>Assets</Filter>
    </Image>
  </ItemGroup>
  <ItemGroup>
    <Manifest Include="settings.manifest">
      <Filter>Assets</Filter>
    </Manifest>
  </ItemGroup>
  <ItemGroup>
    <None Include="packages.config" />
  </ItemGroup>
</Project>